// !$*UTF8*$!
{
	archiveVersion = 1;
	classes = {
	};
	objectVersion = 50;
	objects = {

/* Begin PBXBuildFile section */
		14AACE7925B491410059A25C /* BitcoinChallengeApp.swift in Sources */ = {isa = PBXBuildFile; fileRef = 14AACE6625B491400059A25C /* BitcoinChallengeApp.swift */; };
		14AACE7A25B491410059A25C /* BitcoinChallengeApp.swift in Sources */ = {isa = PBXBuildFile; fileRef = 14AACE6625B491400059A25C /* BitcoinChallengeApp.swift */; };
		14AACE7B25B491410059A25C /* ContentView.swift in Sources */ = {isa = PBXBuildFile; fileRef = 14AACE6725B491400059A25C /* ContentView.swift */; };
		14AACE7C25B491410059A25C /* ContentView.swift in Sources */ = {isa = PBXBuildFile; fileRef = 14AACE6725B491400059A25C /* ContentView.swift */; };
		14AACE7D25B491410059A25C /* Assets.xcassets in Resources */ = {isa = PBXBuildFile; fileRef = 14AACE6825B491410059A25C /* Assets.xcassets */; };
		14AACE7E25B491410059A25C /* Assets.xcassets in Resources */ = {isa = PBXBuildFile; fileRef = 14AACE6825B491410059A25C /* Assets.xcassets */; };
		14AACE8A25B491C30059A25C /* Model.swift in Sources */ = {isa = PBXBuildFile; fileRef = 14AACE8925B491C30059A25C /* Model.swift */; };
		14AACE8B25B491C30059A25C /* Model.swift in Sources */ = {isa = PBXBuildFile; fileRef = 14AACE8925B491C30059A25C /* Model.swift */; };
		14AACEAE25B4AB480059A25C /* money.mp3 in Resources */ = {isa = PBXBuildFile; fileRef = 14AACEAD25B4AB480059A25C /* money.mp3 */; };
		14AACEAF25B4AB480059A25C /* money.mp3 in Resources */ = {isa = PBXBuildFile; fileRef = 14AACEAD25B4AB480059A25C /* money.mp3 */; };
/* End PBXBuildFile section */

/* Begin PBXFileReference section */
		14AACE6625B491400059A25C /* BitcoinChallengeApp.swift */ = {isa = PBXFileReference; lastKnownFileType = sourcecode.swift; path = BitcoinChallengeApp.swift; sourceTree = "<group>"; };
		14AACE6725B491400059A25C /* ContentView.swift */ = {isa = PBXFileReference; lastKnownFileType = sourcecode.swift; path = ContentView.swift; sourceTree = "<group>"; };
		14AACE6825B491410059A25C /* Assets.xcassets */ = {isa = PBXFileReference; lastKnownFileType = folder.assetcatalog; path = Assets.xcassets; sourceTree = "<group>"; };
		14AACE6D25B491410059A25C /* BitcoinChallenge.app */ = {isa = PBXFileReference; explicitFileType = wrapper.application; includeInIndex = 0; path = BitcoinChallenge.app; sourceTree = BUILT_PRODUCTS_DIR; };
		14AACE7025B491410059A25C /* Info.plist */ = {isa = PBXFileReference; lastKnownFileType = text.plist.xml; path = Info.plist; sourceTree = "<group>"; };
		14AACE7525B491410059A25C /* BitcoinChallenge.app */ = {isa = PBXFileReference; explicitFileType = wrapper.application; includeInIndex = 0; path = BitcoinChallenge.app; sourceTree = BUILT_PRODUCTS_DIR; };
		14AACE7725B491410059A25C /* Info.plist */ = {isa = PBXFileReference; lastKnownFileType = text.plist.xml; path = Info.plist; sourceTree = "<group>"; };
		14AACE7825B491410059A25C /* macOS.entitlements */ = {isa = PBXFileReference; lastKnownFileType = text.plist.entitlements; path = macOS.entitlements; sourceTree = "<group>"; };
		14AACE8925B491C30059A25C /* Model.swift */ = {isa = PBXFileReference; lastKnownFileType = sourcecode.swift; path = Model.swift; sourceTree = "<group>"; };
		14AACEAD25B4AB480059A25C /* money.mp3 */ = {isa = PBXFileReference; lastKnownFileType = audio.mp3; path = money.mp3; sourceTree = "<group>"; };
/* End PBXFileReference section */

/* Begin PBXFrameworksBuildPhase section */
		14AACE6A25B491410059A25C /* Frameworks */ = {
			isa = PBXFrameworksBuildPhase;
			buildActionMask = 2147483647;
			files = (
			);
			runOnlyForDeploymentPostprocessing = 0;
		};
		14AACE7225B491410059A25C /* Frameworks */ = {
			isa = PBXFrameworksBuildPhase;
			buildActionMask = 2147483647;
			files = (
			);
			runOnlyForDeploymentPostprocessing = 0;
		};
/* End PBXFrameworksBuildPhase section */

/* Begin PBXGroup section */
		14AACE6025B491400059A25C = {
			isa = PBXGroup;
			children = (
				14AACE6525B491400059A25C /* Shared */,
				14AACE6F25B491410059A25C /* iOS */,
				14AACE7625B491410059A25C /* macOS */,
				14AACE6E25B491410059A25C /* Products */,
			);
			sourceTree = "<group>";
		};
		14AACE6525B491400059A25C /* Shared */ = {
			isa = PBXGroup;
			children = (
				14AACE6625B491400059A25C /* BitcoinChallengeApp.swift */,
				14AACE6725B491400059A25C /* ContentView.swift */,
				14AACE8925B491C30059A25C /* Model.swift */,
				14AACE9025B495F60059A25C /* sounds */,
				14AACE6825B491410059A25C /* Assets.xcassets */,
			);
			path = Shared;
			sourceTree = "<group>";
		};
		14AACE6E25B491410059A25C /* Products */ = {
			isa = PBXGroup;
			children = (
				14AACE6D25B491410059A25C /* BitcoinChallenge.app */,
				14AACE7525B491410059A25C /* BitcoinChallenge.app */,
			);
			name = Products;
			sourceTree = "<group>";
		};
		14AACE6F25B491410059A25C /* iOS */ = {
			isa = PBXGroup;
			children = (
				14AACE7025B491410059A25C /* Info.plist */,
			);
			path = iOS;
			sourceTree = "<group>";
		};
		14AACE7625B491410059A25C /* macOS */ = {
			isa = PBXGroup;
			children = (
				14AACE7725B491410059A25C /* Info.plist */,
				14AACE7825B491410059A25C /* macOS.entitlements */,
			);
			path = macOS;
			sourceTree = "<group>";
		};
		14AACE9025B495F60059A25C /* sounds */ = {
			isa = PBXGroup;
			children = (
				14AACEAD25B4AB480059A25C /* money.mp3 */,
			);
			path = sounds;
			sourceTree = "<group>";
		};
/* End PBXGroup section */

/* Begin PBXNativeTarget section */
		14AACE6C25B491410059A25C /* BitcoinChallenge (iOS) */ = {
			isa = PBXNativeTarget;
			buildConfigurationList = 14AACE8125B491410059A25C /* Build configuration list for PBXNativeTarget "BitcoinChallenge (iOS)" */;
			buildPhases = (
				14AACE6925B491410059A25C /* Sources */,
				14AACE6A25B491410059A25C /* Frameworks */,
				14AACE6B25B491410059A25C /* Resources */,
			);
			buildRules = (
			);
			dependencies = (
			);
			name = "BitcoinChallenge (iOS)";
			productName = "BitcoinChallenge (iOS)";
			productReference = 14AACE6D25B491410059A25C /* BitcoinChallenge.app */;
			productType = "com.apple.product-type.application";
		};
		14AACE7425B491410059A25C /* BitcoinChallenge (macOS) */ = {
			isa = PBXNativeTarget;
			buildConfigurationList = 14AACE8425B491410059A25C /* Build configuration list for PBXNativeTarget "BitcoinChallenge (macOS)" */;
			buildPhases = (
				14AACE7125B491410059A25C /* Sources */,
				14AACE7225B491410059A25C /* Frameworks */,
				14AACE7325B491410059A25C /* Resources */,
			);
			buildRules = (
			);
			dependencies = (
			);
			name = "BitcoinChallenge (macOS)";
			productName = "BitcoinChallenge (macOS)";
			productReference = 14AACE7525B491410059A25C /* BitcoinChallenge.app */;
			productType = "com.apple.product-type.application";
		};
/* End PBXNativeTarget section */

/* Begin PBXProject section */
		14AACE6125B491400059A25C /* Project object */ = {
			isa = PBXProject;
			attributes = {
				LastSwiftUpdateCheck = 1230;
				LastUpgradeCheck = 1230;
				TargetAttributes = {
					14AACE6C25B491410059A25C = {
						CreatedOnToolsVersion = 12.3;
					};
					14AACE7425B491410059A25C = {
						CreatedOnToolsVersion = 12.3;
					};
				};
			};
			buildConfigurationList = 14AACE6425B491400059A25C /* Build configuration list for PBXProject "BitcoinChallenge" */;
			compatibilityVersion = "Xcode 9.3";
			developmentRegion = en;
			hasScannedForEncodings = 0;
			knownRegions = (
				en,
				Base,
			);
			mainGroup = 14AACE6025B491400059A25C;
			productRefGroup = 14AACE6E25B491410059A25C /* Products */;
			projectDirPath = "";
			projectRoot = "";
			targets = (
				14AACE6C25B491410059A25C /* BitcoinChallenge (iOS) */,
				14AACE7425B491410059A25C /* BitcoinChallenge (macOS) */,
			);
		};
/* End PBXProject section */

/* Begin PBXResourcesBuildPhase section */
		14AACE6B25B491410059A25C /* Resources */ = {
			isa = PBXResourcesBuildPhase;
			buildActionMask = 2147483647;
			files = (
				14AACE7D25B491410059A25C /* Assets.xcassets in Resources */,
				14AACEAE25B4AB480059A25C /* money.mp3 in Resources */,
			);
			runOnlyForDeploymentPostprocessing = 0;
		};
		14AACE7325B491410059A25C /* Resources */ = {
			isa = PBXResourcesBuildPhase;
			buildActionMask = 2147483647;
			files = (
				14AACE7E25B491410059A25C /* Assets.xcassets in Resources */,
				14AACEAF25B4AB480059A25C /* money.mp3 in Resources */,
			);
			runOnlyForDeploymentPostprocessing = 0;
		};
/* End PBXResourcesBuildPhase section */

/* Begin PBXSourcesBuildPhase section */
		14AACE6925B491410059A25C /* Sources */ = {
			isa = PBXSourcesBuildPhase;
			buildActionMask = 2147483647;
			files = (
				14AACE8A25B491C30059A25C /* Model.swift in Sources */,
				14AACE7B25B491410059A25C /* ContentView.swift in Sources */,
				14AACE7925B491410059A25C /* BitcoinChallengeApp.swift in Sources */,
			);
			runOnlyForDeploymentPostprocessing = 0;
		};
		14AACE7125B491410059A25C /* Sources */ = {
			isa = PBXSourcesBuildPhase;
			buildActionMask = 2147483647;
			files = (
				14AACE8B25B491C30059A25C /* Model.swift in Sources */,
				14AACE7C25B491410059A25C /* ContentView.swift in Sources */,
				14AACE7A25B491410059A25C /* BitcoinChallengeApp.swift in Sources */,
			);
			runOnlyForDeploymentPostprocessing = 0;
		};
/* End PBXSourcesBuildPhase section */

/* Begin XCBuildConfiguration section */
		14AACE7F25B491410059A25C /* Debug */ = {
			isa = XCBuildConfiguration;
			buildSettings = {
				ALWAYS_SEARCH_USER_PATHS = NO;
				CLANG_ANALYZER_NONNULL = YES;
				CLANG_ANALYZER_NUMBER_OBJECT_CONVERSION = YES_AGGRESSIVE;
				CLANG_CXX_LANGUAGE_STANDARD = "gnu++14";
				CLANG_CXX_LIBRARY = "libc++";
				CLANG_ENABLE_MODULES = YES;
				CLANG_ENABLE_OBJC_ARC = YES;
				CLANG_ENABLE_OBJC_WEAK = YES;
				CLANG_WARN_BLOCK_CAPTURE_AUTORELEASING = YES;
				CLANG_WARN_BOOL_CONVERSION = YES;
				CLANG_WARN_COMMA = YES;
				CLANG_WARN_CONSTANT_CONVERSION = YES;
				CLANG_WARN_DEPRECATED_OBJC_IMPLEMENTATIONS = YES;
				CLANG_WARN_DIRECT_OBJC_ISA_USAGE = YES_ERROR;
				CLANG_WARN_DOCUMENTATION_COMMENTS = YES;
				CLANG_WARN_EMPTY_BODY = YES;
				CLANG_WARN_ENUM_CONVERSION = YES;
				CLANG_WARN_INFINITE_RECURSION = YES;
				CLANG_WARN_INT_CONVERSION = YES;
				CLANG_WARN_NON_LITERAL_NULL_CONVERSION = YES;
				CLANG_WARN_OBJC_IMPLICIT_RETAIN_SELF = YES;
				CLANG_WARN_OBJC_LITERAL_CONVERSION = YES;
				CLANG_WARN_OBJC_ROOT_CLASS = YES_ERROR;
				CLANG_WARN_QUOTED_INCLUDE_IN_FRAMEWORK_HEADER = YES;
				CLANG_WARN_RANGE_LOOP_ANALYSIS = YES;
				CLANG_WARN_STRICT_PROTOTYPES = YES;
				CLANG_WARN_SUSPICIOUS_MOVE = YES;
				CLANG_WARN_UNGUARDED_AVAILABILITY = YES_AGGRESSIVE;
				CLANG_WARN_UNREACHABLE_CODE = YES;
				CLANG_WARN__DUPLICATE_METHOD_MATCH = YES;
				COPY_PHASE_STRIP = NO;
				DEBUG_INFORMATION_FORMAT = dwarf;
				ENABLE_STRICT_OBJC_MSGSEND = YES;
				ENABLE_TESTABILITY = YES;
				GCC_C_LANGUAGE_STANDARD = gnu11;
				GCC_DYNAMIC_NO_PIC = NO;
				GCC_NO_COMMON_BLOCKS = YES;
				GCC_OPTIMIZATION_LEVEL = 0;
				GCC_PREPROCESSOR_DEFINITIONS = (
					"DEBUG=1",
					"$(inherited)",
				);
				GCC_WARN_64_TO_32_BIT_CONVERSION = YES;
				GCC_WARN_ABOUT_RETURN_TYPE = YES_ERROR;
				GCC_WARN_UNDECLARED_SELECTOR = YES;
				GCC_WARN_UNINITIALIZED_AUTOS = YES_AGGRESSIVE;
				GCC_WARN_UNUSED_FUNCTION = YES;
				GCC_WARN_UNUSED_VARIABLE = YES;
				MTL_ENABLE_DEBUG_INFO = INCLUDE_SOURCE;
				MTL_FAST_MATH = YES;
				ONLY_ACTIVE_ARCH = YES;
				SWIFT_ACTIVE_COMPILATION_CONDITIONS = DEBUG;
				SWIFT_OPTIMIZATION_LEVEL = "-Onone";
			};
			name = Debug;
		};
		14AACE8025B491410059A25C /* Release */ = {
			isa = XCBuildConfiguration;
			buildSettings = {
				ALWAYS_SEARCH_USER_PATHS = NO;
				CLANG_ANALYZER_NONNULL = YES;
				CLANG_ANALYZER_NUMBER_OBJECT_CONVERSION = YES_AGGRESSIVE;
				CLANG_CXX_LANGUAGE_STANDARD = "gnu++14";
				CLANG_CXX_LIBRARY = "libc++";
				CLANG_ENABLE_MODULES = YES;
				CLANG_ENABLE_OBJC_ARC = YES;
				CLANG_ENABLE_OBJC_WEAK = YES;
				CLANG_WARN_BLOCK_CAPTURE_AUTORELEASING = YES;
				CLANG_WARN_BOOL_CONVERSION = YES;
				CLANG_WARN_COMMA = YES;
				CLANG_WARN_CONSTANT_CONVERSION = YES;
				CLANG_WARN_DEPRECATED_OBJC_IMPLEMENTATIONS = YES;
				CLANG_WARN_DIRECT_OBJC_ISA_USAGE = YES_ERROR;
				CLANG_WARN_DOCUMENTATION_COMMENTS = YES;
				CLANG_WARN_EMPTY_BODY = YES;
				CLANG_WARN_ENUM_CONVERSION = YES;
				CLANG_WARN_INFINITE_RECURSION = YES;
				CLANG_WARN_INT_CONVERSION = YES;
				CLANG_WARN_NON_LITERAL_NULL_CONVERSION = YES;
				CLANG_WARN_OBJC_IMPLICIT_RETAIN_SELF = YES;
				CLANG_WARN_OBJC_LITERAL_CONVERSION = YES;
				CLANG_WARN_OBJC_ROOT_CLASS = YES_ERROR;
				CLANG_WARN_QUOTED_INCLUDE_IN_FRAMEWORK_HEADER = YES;
				CLANG_WARN_RANGE_LOOP_ANALYSIS = YES;
				CLANG_WARN_STRICT_PROTOTYPES = YES;
				CLANG_WARN_SUSPICIOUS_MOVE = YES;
				CLANG_WARN_UNGUARDED_AVAILABILITY = YES_AGGRESSIVE;
				CLANG_WARN_UNREACHABLE_CODE = YES;
				CLANG_WARN__DUPLICATE_METHOD_MATCH = YES;
				COPY_PHASE_STRIP = NO;
				DEBUG_INFORMATION_FORMAT = "dwarf-with-dsym";
				ENABLE_NS_ASSERTIONS = NO;
				ENABLE_STRICT_OBJC_MSGSEND = YES;
				GCC_C_LANGUAGE_STANDARD = gnu11;
				GCC_NO_COMMON_BLOCKS = YES;
				GCC_WARN_64_TO_32_BIT_CONVERSION = YES;
				GCC_WARN_ABOUT_RETURN_TYPE = YES_ERROR;
				GCC_WARN_UNDECLARED_SELECTOR = YES;
				GCC_WARN_UNINITIALIZED_AUTOS = YES_AGGRESSIVE;
				GCC_WARN_UNUSED_FUNCTION = YES;
				GCC_WARN_UNUSED_VARIABLE = YES;
				MTL_ENABLE_DEBUG_INFO = NO;
				MTL_FAST_MATH = YES;
				SWIFT_COMPILATION_MODE = wholemodule;
				SWIFT_OPTIMIZATION_LEVEL = "-O";
			};
			name = Release;
		};
		14AACE8225B491410059A25C /* Debug */ = {
			isa = XCBuildConfiguration;
			buildSettings = {
				ASSETCATALOG_COMPILER_APPICON_NAME = AppIcon;
				ASSETCATALOG_COMPILER_GLOBAL_ACCENT_COLOR_NAME = AccentColor;
				CODE_SIGN_STYLE = Automatic;
				DEVELOPMENT_TEAM = PF2935SUF6;
				ENABLE_PREVIEWS = YES;
				INFOPLIST_FILE = iOS/Info.plist;
				IPHONEOS_DEPLOYMENT_TARGET = 14.0;
				LD_RUNPATH_SEARCH_PATHS = (
					"$(inherited)",
					"@executable_path/Frameworks",
				);
				PRODUCT_BUNDLE_IDENTIFIER = com.benoitd.bitcoinchallenge.BitcoinChallenge;
				PRODUCT_NAME = BitcoinChallenge;
				SDKROOT = iphoneos;
				SWIFT_VERSION = 5.0;
				TARGETED_DEVICE_FAMILY = "1,2";
			};
			name = Debug;
		};
		14AACE8325B491410059A25C /* Release */ = {
			isa = XCBuildConfiguration;
			buildSettings = {
				ASSETCATALOG_COMPILER_APPICON_NAME = AppIcon;
				ASSETCATALOG_COMPILER_GLOBAL_ACCENT_COLOR_NAME = AccentColor;
				CODE_SIGN_STYLE = Automatic;
				DEVELOPMENT_TEAM = PF2935SUF6;
				ENABLE_PREVIEWS = YES;
				INFOPLIST_FILE = iOS/Info.plist;
				IPHONEOS_DEPLOYMENT_TARGET = 14.0;
				LD_RUNPATH_SEARCH_PATHS = (
					"$(inherited)",
					"@executable_path/Frameworks",
				);
				PRODUCT_BUNDLE_IDENTIFIER = com.benoitd.bitcoinchallenge.BitcoinChallenge;
				PRODUCT_NAME = BitcoinChallenge;
				SDKROOT = iphoneos;
				SWIFT_VERSION = 5.0;
				TARGETED_DEVICE_FAMILY = "1,2";
				VALIDATE_PRODUCT = YES;
			};
			name = Release;
		};
		14AACE8525B491410059A25C /* Debug */ = {
			isa = XCBuildConfiguration;
			buildSettings = {
				ASSETCATALOG_COMPILER_APPICON_NAME = AppIcon;
				ASSETCATALOG_COMPILER_GLOBAL_ACCENT_COLOR_NAME = AccentColor;
				CODE_SIGN_ENTITLEMENTS = macOS/macOS.entitlements;
				CODE_SIGN_STYLE = Automatic;
				COMBINE_HIDPI_IMAGES = YES;
				DEVELOPMENT_TEAM = PF2935SUF6;
				ENABLE_HARDENED_RUNTIME = YES;
				ENABLE_PREVIEWS = YES;
				INFOPLIST_FILE = macOS/Info.plist;
				LD_RUNPATH_SEARCH_PATHS = (
					"$(inherited)",
					"@executable_path/../Frameworks",
				);
				MACOSX_DEPLOYMENT_TARGET = 11.0;
				PRODUCT_BUNDLE_IDENTIFIER = com.benoitd.bitcoinchallenge.BitcoinChallenge;
				PRODUCT_NAME = BitcoinChallenge;
				SDKROOT = macosx;
				SWIFT_VERSION = 5.0;
			};
			name = Debug;
		};
		14AACE8625B491410059A25C /* Release */ = {
			isa = XCBuildConfiguration;
			buildSettings = {
				ASSETCATALOG_COMPILER_APPICON_NAME = AppIcon;
				ASSETCATALOG_COMPILER_GLOBAL_ACCENT_COLOR_NAME = AccentColor;
				CODE_SIGN_ENTITLEMENTS = macOS/macOS.entitlements;
				CODE_SIGN_STYLE = Automatic;
				COMBINE_HIDPI_IMAGES = YES;
				DEVELOPMENT_TEAM = PF2935SUF6;
				ENABLE_HARDENED_RUNTIME = YES;
				ENABLE_PREVIEWS = YES;
				INFOPLIST_FILE = macOS/Info.plist;
				LD_RUNPATH_SEARCH_PATHS = (
					"$(inherited)",
					"@executable_path/../Frameworks",
				);
				MACOSX_DEPLOYMENT_TARGET = 11.0;
				PRODUCT_BUNDLE_IDENTIFIER = com.benoitd.bitcoinchallenge.BitcoinChallenge;
				PRODUCT_NAME = BitcoinChallenge;
				SDKROOT = macosx;
				SWIFT_VERSION = 5.0;
			};
			name = Release;
		};
/* End XCBuildConfiguration section */

/* Begin XCConfigurationList section */
		14AACE6425B491400059A25C /* Build configuration list for PBXProject "BitcoinChallenge" */ = {
			isa = XCConfigurationList;
			buildConfigurations = (
				14AACE7F25B491410059A25C /* Debug */,
				14AACE8025B491410059A25C /* Release */,
			);
			defaultConfigurationIsVisible = 0;
			defaultConfigurationName = Release;
		};
		14AACE8125B491410059A25C /* Build configuration list for PBXNativeTarget "BitcoinChallenge (iOS)" */ = {
			isa = XCConfigurationList;
			buildConfigurations = (
				14AACE8225B491410059A25C /* Debug */,
				14AACE8325B491410059A25C /* Release */,
			);
			defaultConfigurationIsVisible = 0;
			defaultConfigurationName = Release;
		};
		14AACE8425B491410059A25C /* Build configuration list for PBXNativeTarget "BitcoinChallenge (macOS)" */ = {
			isa = XCConfigurationList;
			buildConfigurations = (
				14AACE8525B491410059A25C /* Debug */,
				14AACE8625B491410059A25C /* Release */,
			);
			defaultConfigurationIsVisible = 0;
			defaultConfigurationName = Release;
		};
/* End XCConfigurationList section */
	};
	rootObject = 14AACE6125B491400059A25C /* Project object */;
}
